# This file is automatically @generated by Cargo.
# It is not intended for manual editing.
version = 4

[[package]]
name = "github-actiosns"
version = "0.1.0"
dependencies = [
 "id-map",
 "scc",
]

[[package]]
name = "id-map"
version = "0.2.2"
source = "registry+https://github.com/rust-lang/crates.io-index"
checksum = "533ee05f329c1d2d79d6594be1afdc97ff81c8edeef7ca06f4b1fa050094f342"
dependencies = [
 "id-set",
]

[[package]]
name = "id-set"
version = "0.2.2"
source = "registry+https://github.com/rust-lang/crates.io-index"
checksum = "9633fadf6346456cf8531119ba4838bc6d82ac4ce84d9852126dd2aa34d49264"

[[package]]
name = "scc"
version = "2.4.0"
source = "registry+https://github.com/rust-lang/crates.io-index"
checksum = "46e6f046b7fef48e2660c57ed794263155d713de679057f2d0c169bfc6e756cc"
dependencies = [
 "sdd",
]

[[package]]
name = "sdd"
version = "3.0.10"
source = "registry+https://github.com/rust-lang/crates.io-index"
checksum = "490dcfcbfef26be6800d11870ff2df8774fa6e86d047e3e8c8a76b25655e41ca"
