# This file is automatically @generated by Cargo.
# It is not intended for manual editing.
version = 4

[[package]]
name = "github-actiosns"
version = "0.1.0"
dependencies = [
 "id-map",
 "scc",
]

[[package]]
name = "id-map"
version = "0.2.2"
source = "registry+https://github.com/rust-lang/crates.io-index"
checksum = "533ee05f329c1d2d79d6594be1afdc97ff81c8edeef7ca06f4b1fa050094f342"
dependencies = [
 "id-set",
]

[[package]]
name = "id-set"
version = "0.2.2"
source = "registry+https://github.com/rust-lang/crates.io-index"
checksum = "9633fadf6346456cf8531119ba4838bc6d82ac4ce84d9852126dd2aa34d49264"

[[package]]
name = "scc"
version = "2.1.0"
source = "registry+https://github.com/rust-lang/crates.io-index"
checksum = "ec96560eea317a9cc4e0bb1f6a2c93c09a19b8c4fc5cb3fcc0ec1c094cd783e2"
dependencies = [
 "sdd",
]

[[package]]
name = "sdd"
version = "0.2.0"
source = "registry+https://github.com/rust-lang/crates.io-index"
checksum = "b84345e4c9bd703274a082fb80caaa99b7612be48dfaa1dd9266577ec412309d"
